
Microsoft Visual Studio Solution File, Format Version 12.00
# Visual Studio Version 17
VisualStudioVersion = 17.8.34322.80
MinimumVisualStudioVersion = 10.0.40219.1
Project("{FAE04EC0-301F-11D3-BF4B-00C04F79EFBC}") = "AdminSalesPortal", "AdminSalesPortal\AdminSalesPortal.csproj", "{ED6219BE-0BAD-4591-8E43-92643B4BB398}"
EndProject
Global
	GlobalSection(SolutionConfigurationPlatforms) = preSolution
		Debug|Any CPU = Debug|Any CPU
		Release|Any CPU = Release|Any CPU
	EndGlobalSection
	GlobalSection(ProjectConfigurationPlatforms) = postSolution
		{ED6219BE-0BAD-4591-8E43-92643B4BB398}.Debug|Any CPU.ActiveCfg = Debug|Any CPU
		{ED6219BE-0BAD-4591-8E43-92643B4BB398}.Debug|Any CPU.Build.0 = Debug|Any CPU
		{ED6219BE-0BAD-4591-8E43-92643B4BB398}.Release|Any CPU.ActiveCfg = Release|Any CPU
		{ED6219BE-0BAD-4591-8E43-92643B4BB398}.Release|Any CPU.Build.0 = Release|Any CPU
	EndGlobalSection
	GlobalSection(SolutionProperties) = preSolution
		HideSolutionNode = FALSE
	EndGlobalSection
	GlobalSection(ExtensibilityGlobals) = postSolution
		SolutionGuid = {D7AAB64C-68B7-4BD3-90A1-19A10575D37F}
	EndGlobalSection
EndGlobal
